Microsoft Visual Studio Solution File, Format Version 12.00
# Visual Studio Version 17
VisualStudioVersion = 17.5.2.0
MinimumVisualStudioVersion = 10.0.40219.1
Project("{FAE04EC0-301F-11D3-BF4B-00C04F79EFBC}") = "InspectCodeTestProject", "InspectCodeTestProject\InspectCodeTestProject.csproj", "{C49ACDD9-DE84-3974-AD3D-3DC3C4305A4D}"
EndProject
Global
	GlobalSection(SolutionConfigurationPlatforms) = preSolution
		Debug|Any CPU = Debug|Any CPU
		Release|Any CPU = Release|Any CPU
	EndGlobalSection
	GlobalSection(ProjectConfigurationPlatforms) = postSolution
		{C49ACDD9-DE84-3974-AD3D-3DC3C4305A4D}.Debug|Any CPU.ActiveCfg = Debug|Any CPU
		{C49ACDD9-DE84-3974-AD3D-3DC3C4305A4D}.Debug|Any CPU.Build.0 = Debug|Any CPU
		{C49ACDD9-DE84-3974-AD3D-3DC3C4305A4D}.Release|Any CPU.ActiveCfg = Release|Any CPU
		{C49ACDD9-DE84-3974-AD3D-3DC3C4305A4D}.Release|Any CPU.Build.0 = Release|Any CPU
	EndGlobalSection
	GlobalSection(SolutionProperties) = preSolution
		HideSolutionNode = FALSE
	EndGlobalSection
	GlobalSection(ExtensibilityGlobals) = postSolution
		SolutionGuid = {6D59D3FB-FF0D-4BC9-A5FB-4456B9C845D0}
	EndGlobalSection
EndGlobal
